// !$*UTF8*$!
{
	archiveVersion = 1;
	classes = {
	};
	objectVersion = 51;
	objects = {

/* Begin PBXBuildFile section */
		12F50EFFE7BA944295DC634D /* Pods_AppStore_Copy.framework in Frameworks */ = {isa = PBXBuildFile; fileRef = 611DE2533C73194FA3107022 /* Pods_AppStore_Copy.framework */; };
		ED8D12E122D3FFDC00D40E42 /* AppsSearchConrtoller.swift in Sources */ = {isa = PBXBuildFile; fileRef = ED8D12E022D3FFDC00D40E42 /* AppsSearchConrtoller.swift */; };
		ED8D12E422D4037E00D40E42 /* AppsSearchCell.swift in Sources */ = {isa = PBXBuildFile; fileRef = ED8D12E322D4037E00D40E42 /* AppsSearchCell.swift */; };
		ED8D12E722D40A1700D40E42 /* Helpers+Extensions.swift in Sources */ = {isa = PBXBuildFile; fileRef = ED8D12E622D40A1700D40E42 /* Helpers+Extensions.swift */; };
		ED8D12EA22D41BF400D40E42 /* SearchResult.swift in Sources */ = {isa = PBXBuildFile; fileRef = ED8D12E922D41BF400D40E42 /* SearchResult.swift */; };
		ED8D12ED22D4202800D40E42 /* Service.swift in Sources */ = {isa = PBXBuildFile; fileRef = ED8D12EC22D4202800D40E42 /* Service.swift */; };
		ED8D12F022D4F6F500D40E42 /* AppsPageController.swift in Sources */ = {isa = PBXBuildFile; fileRef = ED8D12EF22D4F6F500D40E42 /* AppsPageController.swift */; };
		ED8D12F322D4F90300D40E42 /* AppsCell.swift in Sources */ = {isa = PBXBuildFile; fileRef = ED8D12F222D4F90300D40E42 /* AppsCell.swift */; };
		ED8D12F522D4FF1900D40E42 /* AppsHorizontalController.swift in Sources */ = {isa = PBXBuildFile; fileRef = ED8D12F422D4FF1900D40E42 /* AppsHorizontalController.swift */; };
		EDD26FAB22D3F69000A3EC47 /* AppDelegate.swift in Sources */ = {isa = PBXBuildFile; fileRef = EDD26FAA22D3F69000A3EC47 /* AppDelegate.swift */; };
		EDD26FB022D3F69000A3EC47 /* Main.storyboard in Resources */ = {isa = PBXBuildFile; fileRef = EDD26FAE22D3F69000A3EC47 /* Main.storyboard */; };
		EDD26FB322D3F69000A3EC47 /* AppStore_Copy.xcdatamodeld in Sources */ = {isa = PBXBuildFile; fileRef = EDD26FB122D3F69000A3EC47 /* AppStore_Copy.xcdatamodeld */; };
		EDD26FB522D3F69500A3EC47 /* Assets.xcassets in Resources */ = {isa = PBXBuildFile; fileRef = EDD26FB422D3F69500A3EC47 /* Assets.xcassets */; };
		EDD26FB822D3F69500A3EC47 /* LaunchScreen.storyboard in Resources */ = {isa = PBXBuildFile; fileRef = EDD26FB622D3F69500A3EC47 /* LaunchScreen.storyboard */; };
		EDD26FC022D3F86300A3EC47 /* BaseTabController.swift in Sources */ = {isa = PBXBuildFile; fileRef = EDD26FBF22D3F86300A3EC47 /* BaseTabController.swift */; };
		EDDA398622D5143B0073AC2E /* AppRowCell.swift in Sources */ = {isa = PBXBuildFile; fileRef = EDDA398522D5143B0073AC2E /* AppRowCell.swift */; };
		EDDA398822D51AD60073AC2E /* AppsPageHeader.swift in Sources */ = {isa = PBXBuildFile; fileRef = EDDA398722D51AD60073AC2E /* AppsPageHeader.swift */; };
		EDDA398A22D51CB20073AC2E /* AppsHeaderController.swift in Sources */ = {isa = PBXBuildFile; fileRef = EDDA398922D51CB20073AC2E /* AppsHeaderController.swift */; };
		EDDA398C22D5207E0073AC2E /* AppHeaderCell.swift in Sources */ = {isa = PBXBuildFile; fileRef = EDDA398B22D5207E0073AC2E /* AppHeaderCell.swift */; };
		EDDA398E22D52A190073AC2E /* AppGroup.swift in Sources */ = {isa = PBXBuildFile; fileRef = EDDA398D22D52A190073AC2E /* AppGroup.swift */; };
		EDDA399022D53E900073AC2E /* SocialApp.swift in Sources */ = {isa = PBXBuildFile; fileRef = EDDA398F22D53E900073AC2E /* SocialApp.swift */; };
		EDDA399322D55BEC0073AC2E /* AppDetailController.swift in Sources */ = {isa = PBXBuildFile; fileRef = EDDA399222D55BEC0073AC2E /* AppDetailController.swift */; };
		EDDA399622D5609A0073AC2E /* AppDetailCell.swift in Sources */ = {isa = PBXBuildFile; fileRef = EDDA399522D5609A0073AC2E /* AppDetailCell.swift */; };
		EDDA399A22D5710A0073AC2E /* AppPreviewCell.swift in Sources */ = {isa = PBXBuildFile; fileRef = EDDA399922D5710A0073AC2E /* AppPreviewCell.swift */; };
		EDDA399C22D5791A0073AC2E /* PreviewScreenshotsController.swift in Sources */ = {isa = PBXBuildFile; fileRef = EDDA399B22D5791A0073AC2E /* PreviewScreenshotsController.swift */; };
		EDDA399E22D57ED10073AC2E /* AppReviewRowCell.swift in Sources */ = {isa = PBXBuildFile; fileRef = EDDA399D22D57ED10073AC2E /* AppReviewRowCell.swift */; };
		EDDA39A022D57F890073AC2E /* ReviewController.swift in Sources */ = {isa = PBXBuildFile; fileRef = EDDA399F22D57F890073AC2E /* ReviewController.swift */; };
		EDDA39A222D583AC0073AC2E /* ReviewCell.swift in Sources */ = {isa = PBXBuildFile; fileRef = EDDA39A122D583AC0073AC2E /* ReviewCell.swift */; };
		EDDA39A422D588D40073AC2E /* Reviews.swift in Sources */ = {isa = PBXBuildFile; fileRef = EDDA39A322D588D40073AC2E /* Reviews.swift */; };
/* End PBXBuildFile section */

/* Begin PBXFileReference section */
		611DE2533C73194FA3107022 /* Pods_AppStore_Copy.framework */ = {isa = PBXFileReference; explicitFileType = wrapper.framework; includeInIndex = 0; path = Pods_AppStore_Copy.framework; sourceTree = BUILT_PRODUCTS_DIR; };
		A0ADFE4A1F87D9258F3CB8DC /* Pods-AppStore-Copy.release.xcconfig */ = {isa = PBXFileReference; includeInIndex = 1; lastKnownFileType = text.xcconfig; name = "Pods-AppStore-Copy.release.xcconfig"; path = "Target Support Files/Pods-AppStore-Copy/Pods-AppStore-Copy.release.xcconfig"; sourceTree = "<group>"; };
		ED8D12E022D3FFDC00D40E42 /* AppsSearchConrtoller.swift */ = {isa = PBXFileReference; lastKnownFileType = sourcecode.swift; path = AppsSearchConrtoller.swift; sourceTree = "<group>"; };
		ED8D12E322D4037E00D40E42 /* AppsSearchCell.swift */ = {isa = PBXFileReference; lastKnownFileType = sourcecode.swift; path = AppsSearchCell.swift; sourceTree = "<group>"; };
		ED8D12E622D40A1700D40E42 /* Helpers+Extensions.swift */ = {isa = PBXFileReference; lastKnownFileType = sourcecode.swift; path = "Helpers+Extensions.swift"; sourceTree = "<group>"; };
		ED8D12E922D41BF400D40E42 /* SearchResult.swift */ = {isa = PBXFileReference; lastKnownFileType = sourcecode.swift; path = SearchResult.swift; sourceTree = "<group>"; };
		ED8D12EC22D4202800D40E42 /* Service.swift */ = {isa = PBXFileReference; lastKnownFileType = sourcecode.swift; path = Service.swift; sourceTree = "<group>"; };
		ED8D12EF22D4F6F500D40E42 /* AppsPageController.swift */ = {isa = PBXFileReference; lastKnownFileType = sourcecode.swift; name = AppsPageController.swift; path = "AppStore-Copy/Controllers/AppsPageController.swift"; sourceTree = SOURCE_ROOT; };
		ED8D12F222D4F90300D40E42 /* AppsCell.swift */ = {isa = PBXFileReference; lastKnownFileType = sourcecode.swift; path = AppsCell.swift; sourceTree = "<group>"; };
		ED8D12F422D4FF1900D40E42 /* AppsHorizontalController.swift */ = {isa = PBXFileReference; lastKnownFileType = sourcecode.swift; path = AppsHorizontalController.swift; sourceTree = "<group>"; };
		EDD26FA722D3F69000A3EC47 /* AppStore-Copy.app */ = {isa = PBXFileReference; explicitFileType = wrapper.application; includeInIndex = 0; path = "AppStore-Copy.app"; sourceTree = BUILT_PRODUCTS_DIR; };
		EDD26FAA22D3F69000A3EC47 /* AppDelegate.swift */ = {isa = PBXFileReference; lastKnownFileType = sourcecode.swift; path = AppDelegate.swift; sourceTree = "<group>"; };
		EDD26FAF22D3F69000A3EC47 /* Base */ = {isa = PBXFileReference; lastKnownFileType = file.storyboard; name = Base; path = Base.lproj/Main.storyboard; sourceTree = "<group>"; };
		EDD26FB222D3F69000A3EC47 /* AppStore_Copy.xcdatamodel */ = {isa = PBXFileReference; lastKnownFileType = wrapper.xcdatamodel; path = AppStore_Copy.xcdatamodel; sourceTree = "<group>"; };
		EDD26FB422D3F69500A3EC47 /* Assets.xcassets */ = {isa = PBXFileReference; lastKnownFileType = folder.assetcatalog; path = Assets.xcassets; sourceTree = "<group>"; };
		EDD26FB722D3F69500A3EC47 /* Base */ = {isa = PBXFileReference; lastKnownFileType = file.storyboard; name = Base; path = Base.lproj/LaunchScreen.storyboard; sourceTree = "<group>"; };
		EDD26FB922D3F69500A3EC47 /* Info.plist */ = {isa = PBXFileReference; lastKnownFileType = text.plist.xml; path = Info.plist; sourceTree = "<group>"; };
		EDD26FBF22D3F86300A3EC47 /* BaseTabController.swift */ = {isa = PBXFileReference; lastKnownFileType = sourcecode.swift; path = BaseTabController.swift; sourceTree = "<group>"; };
		EDDA398522D5143B0073AC2E /* AppRowCell.swift */ = {isa = PBXFileReference; lastKnownFileType = sourcecode.swift; path = AppRowCell.swift; sourceTree = "<group>"; };
		EDDA398722D51AD60073AC2E /* AppsPageHeader.swift */ = {isa = PBXFileReference; lastKnownFileType = sourcecode.swift; path = AppsPageHeader.swift; sourceTree = "<group>"; };
		EDDA398922D51CB20073AC2E /* AppsHeaderController.swift */ = {isa = PBXFileReference; lastKnownFileType = sourcecode.swift; path = AppsHeaderController.swift; sourceTree = "<group>"; };
		EDDA398B22D5207E0073AC2E /* AppHeaderCell.swift */ = {isa = PBXFileReference; lastKnownFileType = sourcecode.swift; path = AppHeaderCell.swift; sourceTree = "<group>"; };
		EDDA398D22D52A190073AC2E /* AppGroup.swift */ = {isa = PBXFileReference; lastKnownFileType = sourcecode.swift; path = AppGroup.swift; sourceTree = "<group>"; };
		EDDA398F22D53E900073AC2E /* SocialApp.swift */ = {isa = PBXFileReference; lastKnownFileType = sourcecode.swift; path = SocialApp.swift; sourceTree = "<group>"; };
		EDDA399222D55BEC0073AC2E /* AppDetailController.swift */ = {isa = PBXFileReference; lastKnownFileType = sourcecode.swift; path = AppDetailController.swift; sourceTree = "<group>"; };
		EDDA399522D5609A0073AC2E /* AppDetailCell.swift */ = {isa = PBXFileReference; lastKnownFileType = sourcecode.swift; path = AppDetailCell.swift; sourceTree = "<group>"; };
		EDDA399922D5710A0073AC2E /* AppPreviewCell.swift */ = {isa = PBXFileReference; lastKnownFileType = sourcecode.swift; path = AppPreviewCell.swift; sourceTree = "<group>"; };
		EDDA399B22D5791A0073AC2E /* PreviewScreenshotsController.swift */ = {isa = PBXFileReference; lastKnownFileType = sourcecode.swift; path = PreviewScreenshotsController.swift; sourceTree = "<group>"; };
		EDDA399D22D57ED10073AC2E /* AppReviewRowCell.swift */ = {isa = PBXFileReference; lastKnownFileType = sourcecode.swift; path = AppReviewRowCell.swift; sourceTree = "<group>"; };
		EDDA399F22D57F890073AC2E /* ReviewController.swift */ = {isa = PBXFileReference; lastKnownFileType = sourcecode.swift; path = ReviewController.swift; sourceTree = "<group>"; };
		EDDA39A122D583AC0073AC2E /* ReviewCell.swift */ = {isa = PBXFileReference; lastKnownFileType = sourcecode.swift; path = ReviewCell.swift; sourceTree = "<group>"; };
		EDDA39A322D588D40073AC2E /* Reviews.swift */ = {isa = PBXFileReference; lastKnownFileType = sourcecode.swift; path = Reviews.swift; sourceTree = "<group>"; };
		EF461508BAD6D0F5CA2CC118 /* Pods-AppStore-Copy.debug.xcconfig */ = {isa = PBXFileReference; includeInIndex = 1; lastKnownFileType = text.xcconfig; name = "Pods-AppStore-Copy.debug.xcconfig"; path = "Target Support Files/Pods-AppStore-Copy/Pods-AppStore-Copy.debug.xcconfig"; sourceTree = "<group>"; };
/* End PBXFileReference section */

/* Begin PBXFrameworksBuildPhase section */
		EDD26FA422D3F69000A3EC47 /* Frameworks */ = {
			isa = PBXFrameworksBuildPhase;
			buildActionMask = 2147483647;
			files = (
				12F50EFFE7BA944295DC634D /* Pods_AppStore_Copy.framework in Frameworks */,
			);
			runOnlyForDeploymentPostprocessing = 0;
		};
/* End PBXFrameworksBuildPhase section */

/* Begin PBXGroup section */
		42F38324DD14CBD383600E95 /* Frameworks */ = {
			isa = PBXGroup;
			children = (
				611DE2533C73194FA3107022 /* Pods_AppStore_Copy.framework */,
			);
			name = Frameworks;
			sourceTree = "<group>";
		};
		54F17DA68D39DB83E8421F95 /* Pods */ = {
			isa = PBXGroup;
			children = (
				EF461508BAD6D0F5CA2CC118 /* Pods-AppStore-Copy.debug.xcconfig */,
				A0ADFE4A1F87D9258F3CB8DC /* Pods-AppStore-Copy.release.xcconfig */,
			);
			path = Pods;
			sourceTree = "<group>";
		};
		ED8D12DF22D3FFB500D40E42 /* Controllers */ = {
			isa = PBXGroup;
			children = (
				EDDA398322D513D30073AC2E /* Search */,
				ED8D12EE22D4F6E600D40E42 /* Apps */,
				EDD26FBF22D3F86300A3EC47 /* BaseTabController.swift */,
			);
			path = Controllers;
			sourceTree = "<group>";
		};
		ED8D12E222D4035F00D40E42 /* View */ = {
			isa = PBXGroup;
			children = (
				EDDA398422D513DD0073AC2E /* Search */,
				ED8D12F122D4F8F600D40E42 /* Apps */,
			);
			path = View;
			sourceTree = "<group>";
		};
		ED8D12E522D409E800D40E42 /* Helpers+Extensions */ = {
			isa = PBXGroup;
			children = (
				ED8D12E622D40A1700D40E42 /* Helpers+Extensions.swift */,
			);
			path = "Helpers+Extensions";
			sourceTree = "<group>";
		};
		ED8D12E822D41BDE00D40E42 /* Model */ = {
			isa = PBXGroup;
			children = (
				ED8D12E922D41BF400D40E42 /* SearchResult.swift */,
				EDDA398D22D52A190073AC2E /* AppGroup.swift */,
				EDDA398F22D53E900073AC2E /* SocialApp.swift */,
				EDDA39A322D588D40073AC2E /* Reviews.swift */,
			);
			path = Model;
			sourceTree = "<group>";
		};
		ED8D12EB22D4201C00D40E42 /* Service */ = {
			isa = PBXGroup;
			children = (
				ED8D12EC22D4202800D40E42 /* Service.swift */,
			);
			path = Service;
			sourceTree = "<group>";
		};
		ED8D12EE22D4F6E600D40E42 /* Apps */ = {
			isa = PBXGroup;
			children = (
				EDDA399122D55BC70073AC2E /* Detail */,
				ED8D12EF22D4F6F500D40E42 /* AppsPageController.swift */,
				ED8D12F422D4FF1900D40E42 /* AppsHorizontalController.swift */,
				EDDA398922D51CB20073AC2E /* AppsHeaderController.swift */,
			);
			path = Apps;
			sourceTree = "<group>";
		};
		ED8D12F122D4F8F600D40E42 /* Apps */ = {
			isa = PBXGroup;
			children = (
				EDDA399422D560880073AC2E /* Detail */,
				ED8D12F222D4F90300D40E42 /* AppsCell.swift */,
				EDDA398522D5143B0073AC2E /* AppRowCell.swift */,
				EDDA398722D51AD60073AC2E /* AppsPageHeader.swift */,
				EDDA398B22D5207E0073AC2E /* AppHeaderCell.swift */,
			);
			path = Apps;
			sourceTree = "<group>";
		};
		EDD26F9E22D3F69000A3EC47 = {
			isa = PBXGroup;
			children = (
				EDD26FA922D3F69000A3EC47 /* AppStore-Copy */,
				EDD26FA822D3F69000A3EC47 /* Products */,
				54F17DA68D39DB83E8421F95 /* Pods */,
				42F38324DD14CBD383600E95 /* Frameworks */,
			);
			sourceTree = "<group>";
		};
		EDD26FA822D3F69000A3EC47 /* Products */ = {
			isa = PBXGroup;
			children = (
				EDD26FA722D3F69000A3EC47 /* AppStore-Copy.app */,
			);
			name = Products;
			sourceTree = "<group>";
		};
		EDD26FA922D3F69000A3EC47 /* AppStore-Copy */ = {
			isa = PBXGroup;
			children = (
				ED8D12EB22D4201C00D40E42 /* Service */,
				ED8D12E822D41BDE00D40E42 /* Model */,
				ED8D12E522D409E800D40E42 /* Helpers+Extensions */,
				ED8D12E222D4035F00D40E42 /* View */,
				ED8D12DF22D3FFB500D40E42 /* Controllers */,
				EDD26FAA22D3F69000A3EC47 /* AppDelegate.swift */,
				EDD26FAE22D3F69000A3EC47 /* Main.storyboard */,
				EDD26FB422D3F69500A3EC47 /* Assets.xcassets */,
				EDD26FB622D3F69500A3EC47 /* LaunchScreen.storyboard */,
				EDD26FB922D3F69500A3EC47 /* Info.plist */,
				EDD26FB122D3F69000A3EC47 /* AppStore_Copy.xcdatamodeld */,
			);
			path = "AppStore-Copy";
			sourceTree = "<group>";
		};
		EDDA398322D513D30073AC2E /* Search */ = {
			isa = PBXGroup;
			children = (
				ED8D12E022D3FFDC00D40E42 /* AppsSearchConrtoller.swift */,
			);
			path = Search;
			sourceTree = "<group>";
		};
		EDDA398422D513DD0073AC2E /* Search */ = {
			isa = PBXGroup;
			children = (
				ED8D12E322D4037E00D40E42 /* AppsSearchCell.swift */,
			);
			path = Search;
			sourceTree = "<group>";
		};
		EDDA399122D55BC70073AC2E /* Detail */ = {
			isa = PBXGroup;
			children = (
				EDDA399222D55BEC0073AC2E /* AppDetailController.swift */,
				EDDA399B22D5791A0073AC2E /* PreviewScreenshotsController.swift */,
				EDDA399F22D57F890073AC2E /* ReviewController.swift */,
			);
			path = Detail;
			sourceTree = "<group>";
		};
		EDDA399422D560880073AC2E /* Detail */ = {
			isa = PBXGroup;
			children = (
				EDDA399522D5609A0073AC2E /* AppDetailCell.swift */,
				EDDA399922D5710A0073AC2E /* AppPreviewCell.swift */,
				EDDA399D22D57ED10073AC2E /* AppReviewRowCell.swift */,
				EDDA39A122D583AC0073AC2E /* ReviewCell.swift */,
			);
			path = Detail;
			sourceTree = "<group>";
		};
/* End PBXGroup section */

/* Begin PBXNativeTarget section */
		EDD26FA622D3F69000A3EC47 /* AppStore-Copy */ = {
			isa = PBXNativeTarget;
			buildConfigurationList = EDD26FBC22D3F69500A3EC47 /* Build configuration list for PBXNativeTarget "AppStore-Copy" */;
			buildPhases = (
				ADBFE88E0CC041BD70B1D627 /* [CP] Check Pods Manifest.lock */,
				EDD26FA322D3F69000A3EC47 /* Sources */,
				EDD26FA422D3F69000A3EC47 /* Frameworks */,
				EDD26FA522D3F69000A3EC47 /* Resources */,
				99B1314CB68B50593937D939 /* [CP] Embed Pods Frameworks */,
			);
			buildRules = (
			);
			dependencies = (
			);
			name = "AppStore-Copy";
			productName = "AppStore-Copy";
			productReference = EDD26FA722D3F69000A3EC47 /* AppStore-Copy.app */;
			productType = "com.apple.product-type.application";
		};
/* End PBXNativeTarget section */

/* Begin PBXProject section */
		EDD26F9F22D3F69000A3EC47 /* Project object */ = {
			isa = PBXProject;
			attributes = {
				LastSwiftUpdateCheck = 1020;
				LastUpgradeCheck = 1020;
				ORGANIZATIONNAME = "Kirill Ivanoff";
				TargetAttributes = {
					EDD26FA622D3F69000A3EC47 = {
						CreatedOnToolsVersion = 10.2.1;
					};
				};
			};
			buildConfigurationList = EDD26FA222D3F69000A3EC47 /* Build configuration list for PBXProject "AppStore-Copy" */;
			compatibilityVersion = "Xcode 9.3";
			developmentRegion = en;
			hasScannedForEncodings = 0;
			knownRegions = (
				en,
				Base,
			);
			mainGroup = EDD26F9E22D3F69000A3EC47;
			productRefGroup = EDD26FA822D3F69000A3EC47 /* Products */;
			projectDirPath = "";
			projectRoot = "";
			targets = (
				EDD26FA622D3F69000A3EC47 /* AppStore-Copy */,
			);
		};
/* End PBXProject section */

/* Begin PBXResourcesBuildPhase section */
		EDD26FA522D3F69000A3EC47 /* Resources */ = {
			isa = PBXResourcesBuildPhase;
			buildActionMask = 2147483647;
			files = (
				EDD26FB822D3F69500A3EC47 /* LaunchScreen.storyboard in Resources */,
				EDD26FB522D3F69500A3EC47 /* Assets.xcassets in Resources */,
				EDD26FB022D3F69000A3EC47 /* Main.storyboard in Resources */,
			);
			runOnlyForDeploymentPostprocessing = 0;
		};
/* End PBXResourcesBuildPhase section */

/* Begin PBXShellScriptBuildPhase section */
		99B1314CB68B50593937D939 /* [CP] Embed Pods Frameworks */ = {
			isa = PBXShellScriptBuildPhase;
			buildActionMask = 2147483647;
			files = (
			);
			inputFileListPaths = (
				"${PODS_ROOT}/Target Support Files/Pods-AppStore-Copy/Pods-AppStore-Copy-frameworks-${CONFIGURATION}-input-files.xcfilelist",
			);
			name = "[CP] Embed Pods Frameworks";
			outputFileListPaths = (
				"${PODS_ROOT}/Target Support Files/Pods-AppStore-Copy/Pods-AppStore-Copy-frameworks-${CONFIGURATION}-output-files.xcfilelist",
			);
			runOnlyForDeploymentPostprocessing = 0;
			shellPath = /bin/sh;
			shellScript = "\"${PODS_ROOT}/Target Support Files/Pods-AppStore-Copy/Pods-AppStore-Copy-frameworks.sh\"\n";
			showEnvVarsInLog = 0;
		};
		ADBFE88E0CC041BD70B1D627 /* [CP] Check Pods Manifest.lock */ = {
			isa = PBXShellScriptBuildPhase;
			buildActionMask = 2147483647;
			files = (
			);
			inputFileListPaths = (
			);
			inputPaths = (
				"${PODS_PODFILE_DIR_PATH}/Podfile.lock",
				"${PODS_ROOT}/Manifest.lock",
			);
			name = "[CP] Check Pods Manifest.lock";
			outputFileListPaths = (
			);
			outputPaths = (
				"$(DERIVED_FILE_DIR)/Pods-AppStore-Copy-checkManifestLockResult.txt",
			);
			runOnlyForDeploymentPostprocessing = 0;
			shellPath = /bin/sh;
			shellScript = "diff \"${PODS_PODFILE_DIR_PATH}/Podfile.lock\" \"${PODS_ROOT}/Manifest.lock\" > /dev/null\nif [ $? != 0 ] ; then\n    # print error to STDERR\n    echo \"error: The sandbox is not in sync with the Podfile.lock. Run 'pod install' or update your CocoaPods installation.\" >&2\n    exit 1\nfi\n# This output is used by Xcode 'outputs' to avoid re-running this script phase.\necho \"SUCCESS\" > \"${SCRIPT_OUTPUT_FILE_0}\"\n";
			showEnvVarsInLog = 0;
		};
/* End PBXShellScriptBuildPhase section */

/* Begin PBXSourcesBuildPhase section */
		EDD26FA322D3F69000A3EC47 /* Sources */ = {
			isa = PBXSourcesBuildPhase;
			buildActionMask = 2147483647;
			files = (
				EDDA399322D55BEC0073AC2E /* AppDetailController.swift in Sources */,
				EDDA39A422D588D40073AC2E /* Reviews.swift in Sources */,
				EDD26FC022D3F86300A3EC47 /* BaseTabController.swift in Sources */,
				EDDA399622D5609A0073AC2E /* AppDetailCell.swift in Sources */,
				EDDA399E22D57ED10073AC2E /* AppReviewRowCell.swift in Sources */,
				ED8D12E422D4037E00D40E42 /* AppsSearchCell.swift in Sources */,
				EDDA399C22D5791A0073AC2E /* PreviewScreenshotsController.swift in Sources */,
				ED8D12EA22D41BF400D40E42 /* SearchResult.swift in Sources */,
				ED8D12F022D4F6F500D40E42 /* AppsPageController.swift in Sources */,
				ED8D12E722D40A1700D40E42 /* Helpers+Extensions.swift in Sources */,
				EDDA398822D51AD60073AC2E /* AppsPageHeader.swift in Sources */,
				EDD26FB322D3F69000A3EC47 /* AppStore_Copy.xcdatamodeld in Sources */,
				EDDA399A22D5710A0073AC2E /* AppPreviewCell.swift in Sources */,
				ED8D12ED22D4202800D40E42 /* Service.swift in Sources */,
				EDDA39A222D583AC0073AC2E /* ReviewCell.swift in Sources */,
				EDDA398C22D5207E0073AC2E /* AppHeaderCell.swift in Sources */,
				EDDA398E22D52A190073AC2E /* AppGroup.swift in Sources */,
				ED8D12F322D4F90300D40E42 /* AppsCell.swift in Sources */,
				EDD26FAB22D3F69000A3EC47 /* AppDelegate.swift in Sources */,
				EDDA398622D5143B0073AC2E /* AppRowCell.swift in Sources */,
				ED8D12E122D3FFDC00D40E42 /* AppsSearchConrtoller.swift in Sources */,
				EDDA398A22D51CB20073AC2E /* AppsHeaderController.swift in Sources */,
				EDDA399022D53E900073AC2E /* SocialApp.swift in Sources */,
				ED8D12F522D4FF1900D40E42 /* AppsHorizontalController.swift in Sources */,
				EDDA39A022D57F890073AC2E /* ReviewController.swift in Sources */,
			);
			runOnlyForDeploymentPostprocessing = 0;
		};
/* End PBXSourcesBuildPhase section */

/* Begin PBXVariantGroup section */
		EDD26FAE22D3F69000A3EC47 /* Main.storyboard */ = {
			isa = PBXVariantGroup;
			children = (
				EDD26FAF22D3F69000A3EC47 /* Base */,
			);
			name = Main.storyboard;
			sourceTree = "<group>";
		};
		EDD26FB622D3F69500A3EC47 /* LaunchScreen.storyboard */ = {
			isa = PBXVariantGroup;
			children = (
				EDD26FB722D3F69500A3EC47 /* Base */,
			);
			name = LaunchScreen.storyboard;
			sourceTree = "<group>";
		};
/* End PBXVariantGroup section */

/* Begin XCBuildConfiguration section */
		EDD26FBA22D3F69500A3EC47 /* Debug */ = {
			isa = XCBuildConfiguration;
			buildSettings = {
				ALWAYS_SEARCH_USER_PATHS = NO;
				CLANG_ANALYZER_NONNULL = YES;
				CLANG_ANALYZER_NUMBER_OBJECT_CONVERSION = YES_AGGRESSIVE;
				CLANG_CXX_LANGUAGE_STANDARD = "gnu++14";
				CLANG_CXX_LIBRARY = "libc++";
				CLANG_ENABLE_MODULES = YES;
				CLANG_ENABLE_OBJC_ARC = YES;
				CLANG_ENABLE_OBJC_WEAK = YES;
				CLANG_WARN_BLOCK_CAPTURE_AUTORELEASING = YES;
				CLANG_WARN_BOOL_CONVERSION = YES;
				CLANG_WARN_COMMA = YES;
				CLANG_WARN_CONSTANT_CONVERSION = YES;
				CLANG_WARN_DEPRECATED_OBJC_IMPLEMENTATIONS = YES;
				CLANG_WARN_DIRECT_OBJC_ISA_USAGE = YES_ERROR;
				CLANG_WARN_DOCUMENTATION_COMMENTS = YES;
				CLANG_WARN_EMPTY_BODY = YES;
				CLANG_WARN_ENUM_CONVERSION = YES;
				CLANG_WARN_INFINITE_RECURSION = YES;
				CLANG_WARN_INT_CONVERSION = YES;
				CLANG_WARN_NON_LITERAL_NULL_CONVERSION = YES;
				CLANG_WARN_OBJC_IMPLICIT_RETAIN_SELF = YES;
				CLANG_WARN_OBJC_LITERAL_CONVERSION = YES;
				CLANG_WARN_OBJC_ROOT_CLASS = YES_ERROR;
				CLANG_WARN_RANGE_LOOP_ANALYSIS = YES;
				CLANG_WARN_STRICT_PROTOTYPES = YES;
				CLANG_WARN_SUSPICIOUS_MOVE = YES;
				CLANG_WARN_UNGUARDED_AVAILABILITY = YES_AGGRESSIVE;
				CLANG_WARN_UNREACHABLE_CODE = YES;
				CLANG_WARN__DUPLICATE_METHOD_MATCH = YES;
				CODE_SIGN_IDENTITY = "iPhone Developer";
				COPY_PHASE_STRIP = NO;
				DEBUG_INFORMATION_FORMAT = dwarf;
				ENABLE_STRICT_OBJC_MSGSEND = YES;
				ENABLE_TESTABILITY = YES;
				GCC_C_LANGUAGE_STANDARD = gnu11;
				GCC_DYNAMIC_NO_PIC = NO;
				GCC_NO_COMMON_BLOCKS = YES;
				GCC_OPTIMIZATION_LEVEL = 0;
				GCC_PREPROCESSOR_DEFINITIONS = (
					"DEBUG=1",
					"$(inherited)",
				);
				GCC_WARN_64_TO_32_BIT_CONVERSION = YES;
				GCC_WARN_ABOUT_RETURN_TYPE = YES_ERROR;
				GCC_WARN_UNDECLARED_SELECTOR = YES;
				GCC_WARN_UNINITIALIZED_AUTOS = YES_AGGRESSIVE;
				GCC_WARN_UNUSED_FUNCTION = YES;
				GCC_WARN_UNUSED_VARIABLE = YES;
				IPHONEOS_DEPLOYMENT_TARGET = 12.2;
				MTL_ENABLE_DEBUG_INFO = INCLUDE_SOURCE;
				MTL_FAST_MATH = YES;
				ONLY_ACTIVE_ARCH = YES;
				SDKROOT = iphoneos;
				SWIFT_ACTIVE_COMPILATION_CONDITIONS = DEBUG;
				SWIFT_OPTIMIZATION_LEVEL = "-Onone";
			};
			name = Debug;
		};
		EDD26FBB22D3F69500A3EC47 /* Release */ = {
			isa = XCBuildConfiguration;
			buildSettings = {
				ALWAYS_SEARCH_USER_PATHS = NO;
				CLANG_ANALYZER_NONNULL = YES;
				CLANG_ANALYZER_NUMBER_OBJECT_CONVERSION = YES_AGGRESSIVE;
				CLANG_CXX_LANGUAGE_STANDARD = "gnu++14";
				CLANG_CXX_LIBRARY = "libc++";
				CLANG_ENABLE_MODULES = YES;
				CLANG_ENABLE_OBJC_ARC = YES;
				CLANG_ENABLE_OBJC_WEAK = YES;
				CLANG_WARN_BLOCK_CAPTURE_AUTORELEASING = YES;
				CLANG_WARN_BOOL_CONVERSION = YES;
				CLANG_WARN_COMMA = YES;
				CLANG_WARN_CONSTANT_CONVERSION = YES;
				CLANG_WARN_DEPRECATED_OBJC_IMPLEMENTATIONS = YES;
				CLANG_WARN_DIRECT_OBJC_ISA_USAGE = YES_ERROR;
				CLANG_WARN_DOCUMENTATION_COMMENTS = YES;
				CLANG_WARN_EMPTY_BODY = YES;
				CLANG_WARN_ENUM_CONVERSION = YES;
				CLANG_WARN_INFINITE_RECURSION = YES;
				CLANG_WARN_INT_CONVERSION = YES;
				CLANG_WARN_NON_LITERAL_NULL_CONVERSION = YES;
				CLANG_WARN_OBJC_IMPLICIT_RETAIN_SELF = YES;
				CLANG_WARN_OBJC_LITERAL_CONVERSION = YES;
				CLANG_WARN_OBJC_ROOT_CLASS = YES_ERROR;
				CLANG_WARN_RANGE_LOOP_ANALYSIS = YES;
				CLANG_WARN_STRICT_PROTOTYPES = YES;
				CLANG_WARN_SUSPICIOUS_MOVE = YES;
				CLANG_WARN_UNGUARDED_AVAILABILITY = YES_AGGRESSIVE;
				CLANG_WARN_UNREACHABLE_CODE = YES;
				CLANG_WARN__DUPLICATE_METHOD_MATCH = YES;
				CODE_SIGN_IDENTITY = "iPhone Developer";
				COPY_PHASE_STRIP = NO;
				DEBUG_INFORMATION_FORMAT = "dwarf-with-dsym";
				ENABLE_NS_ASSERTIONS = NO;
				ENABLE_STRICT_OBJC_MSGSEND = YES;
				GCC_C_LANGUAGE_STANDARD = gnu11;
				GCC_NO_COMMON_BLOCKS = YES;
				GCC_WARN_64_TO_32_BIT_CONVERSION = YES;
				GCC_WARN_ABOUT_RETURN_TYPE = YES_ERROR;
				GCC_WARN_UNDECLARED_SELECTOR = YES;
				GCC_WARN_UNINITIALIZED_AUTOS = YES_AGGRESSIVE;
				GCC_WARN_UNUSED_FUNCTION = YES;
				GCC_WARN_UNUSED_VARIABLE = YES;
				IPHONEOS_DEPLOYMENT_TARGET = 12.2;
				MTL_ENABLE_DEBUG_INFO = NO;
				MTL_FAST_MATH = YES;
				SDKROOT = iphoneos;
				SWIFT_COMPILATION_MODE = wholemodule;
				SWIFT_OPTIMIZATION_LEVEL = "-O";
				VALIDATE_PRODUCT = YES;
			};
			name = Release;
		};
		EDD26FBD22D3F69500A3EC47 /* Debug */ = {
			isa = XCBuildConfiguration;
			baseConfigurationReference = EF461508BAD6D0F5CA2CC118 /* Pods-AppStore-Copy.debug.xcconfig */;
			buildSettings = {
				ASSETCATALOG_COMPILER_APPICON_NAME = AppIcon;
				CODE_SIGN_STYLE = Automatic;
				DEVELOPMENT_TEAM = CW6J7PGNU5;
				INFOPLIST_FILE = "AppStore-Copy/Info.plist";
				IPHONEOS_DEPLOYMENT_TARGET = 11.0;
				LD_RUNPATH_SEARCH_PATHS = (
					"$(inherited)",
					"@executable_path/Frameworks",
				);
				PRODUCT_BUNDLE_IDENTIFIER = "com.Ivanoff.K.AppStore-Copy";
				PRODUCT_NAME = "$(TARGET_NAME)";
				SWIFT_VERSION = 5.0;
				TARGETED_DEVICE_FAMILY = "1,2";
			};
			name = Debug;
		};
		EDD26FBE22D3F69500A3EC47 /* Release */ = {
			isa = XCBuildConfiguration;
			baseConfigurationReference = A0ADFE4A1F87D9258F3CB8DC /* Pods-AppStore-Copy.release.xcconfig */;
			buildSettings = {
				ASSETCATALOG_COMPILER_APPICON_NAME = AppIcon;
				CODE_SIGN_STYLE = Automatic;
				DEVELOPMENT_TEAM = CW6J7PGNU5;
				INFOPLIST_FILE = "AppStore-Copy/Info.plist";
				IPHONEOS_DEPLOYMENT_TARGET = 11.0;
				LD_RUNPATH_SEARCH_PATHS = (
					"$(inherited)",
					"@executable_path/Frameworks",
				);
				PRODUCT_BUNDLE_IDENTIFIER = "com.Ivanoff.K.AppStore-Copy";
				PRODUCT_NAME = "$(TARGET_NAME)";
				SWIFT_VERSION = 5.0;
				TARGETED_DEVICE_FAMILY = "1,2";
			};
			name = Release;
		};
/* End XCBuildConfiguration section */

/* Begin XCConfigurationList section */
		EDD26FA222D3F69000A3EC47 /* Build configuration list for PBXProject "AppStore-Copy" */ = {
			isa = XCConfigurationList;
			buildConfigurations = (
				EDD26FBA22D3F69500A3EC47 /* Debug */,
				EDD26FBB22D3F69500A3EC47 /* Release */,
			);
			defaultConfigurationIsVisible = 0;
			defaultConfigurationName = Release;
		};
		EDD26FBC22D3F69500A3EC47 /* Build configuration list for PBXNativeTarget "AppStore-Copy" */ = {
			isa = XCConfigurationList;
			buildConfigurations = (
				EDD26FBD22D3F69500A3EC47 /* Debug */,
				EDD26FBE22D3F69500A3EC47 /* Release */,
			);
			defaultConfigurationIsVisible = 0;
			defaultConfigurationName = Release;
		};
/* End XCConfigurationList section */

/* Begin XCVersionGroup section */
		EDD26FB122D3F69000A3EC47 /* AppStore_Copy.xcdatamodeld */ = {
			isa = XCVersionGroup;
			children = (
				EDD26FB222D3F69000A3EC47 /* AppStore_Copy.xcdatamodel */,
			);
			currentVersion = EDD26FB222D3F69000A3EC47 /* AppStore_Copy.xcdatamodel */;
			path = AppStore_Copy.xcdatamodeld;
			sourceTree = "<group>";
			versionGroupType = wrapper.xcdatamodel;
		};
/* End XCVersionGroup section */
	};
	rootObject = EDD26F9F22D3F69000A3EC47 /* Project object */;
}
